
Microsoft Visual Studio Solution File, Format Version 12.00
# Visual Studio Version 16
VisualStudioVersion = 16.0.30717.126
MinimumVisualStudioVersion = 10.0.40219.1
Project("{FAE04EC0-301F-11D3-BF4B-00C04F79EFBC}") = "FootballManagement", "FootballManagement\FootballManagement.csproj", "{9CECF5B6-541C-4666-9984-BE3EF2470D53}"
EndProject
Global
	GlobalSection(SolutionConfigurationPlatforms) = preSolution
		Debug|Any CPU = Debug|Any CPU
		Release|Any CPU = Release|Any CPU
	EndGlobalSection
	GlobalSection(ProjectConfigurationPlatforms) = postSolution
		{9CECF5B6-541C-4666-9984-BE3EF2470D53}.Debug|Any CPU.ActiveCfg = Debug|Any CPU
		{9CECF5B6-541C-4666-9984-BE3EF2470D53}.Debug|Any CPU.Build.0 = Debug|Any CPU
		{9CECF5B6-541C-4666-9984-BE3EF2470D53}.Release|Any CPU.ActiveCfg = Release|Any CPU
		{9CECF5B6-541C-4666-9984-BE3EF2470D53}.Release|Any CPU.Build.0 = Release|Any CPU
	EndGlobalSection
	GlobalSection(SolutionProperties) = preSolution
		HideSolutionNode = FALSE
	EndGlobalSection
	GlobalSection(ExtensibilityGlobals) = postSolution
		SolutionGuid = {1ED788A2-0932-4FAF-8F5E-050A31A3F1B1}
	EndGlobalSection
EndGlobal
